version = 1
revision = 3
requires-python = ">=3.11"

[[package]]
name = "agx"
version = "0.1.0"
source = { editable = "." }
dependencies = [
    { name = "iterm2" },
    { name = "psutil" },
    { name = "pytest" },
]

[package.metadata]
requires-dist = [
    { name = "iterm2", specifier = ">=2.9" },
    { name = "psutil", specifier = ">=5.9.8" },
    { name = "pytest", specifier = ">=8.2.0" },
]

[[package]]
name = "colorama"
version = "0.4.6"
source = { registry = "https://pypi.org/simple" }
sdist = { url = "https://files.pythonhosted.org/packages/d8/53/6f443c9a4a8358a93a6792e2acffb9d9d5cb0a5cfd8802644b7b1c9a02e4/colorama-0.4.6.tar.gz", hash = "sha256:08695f5cb7ed6e0531a20572697297273c47b8cae5a63ffc6d6ed5c201be6e44", size = 27697, upload-time = "2022-10-25T02:36:22.414Z" }
wheels = [
    { url = "https://files.pythonhosted.org/packages/d1/d6/3965ed04c63042e047cb6a3e6ed1a63a35087b6a609aa3a15ed8ac56c221/colorama-0.4.6-py2.py3-none-any.whl", hash = "sha256:4f1d9991f5acc0ca119f9d443620b77f9d6b33703e51011c16baf57afb285fc6", size = 25335, upload-time = "2022-10-25T02:36:20.889Z" },
]

[[package]]
name = "iniconfig"
version = "2.3.0"
source = { registry = "https://pypi.org/simple" }
sdist = { url = "https://files.pythonhosted.org/packages/72/34/14ca021ce8e5dfedc35312d08ba8bf51fdd999c576889fc2c24cb97f4f10/iniconfig-2.3.0.tar.gz", hash = "sha256:c76315c77db068650d49c5b56314774a7804df16fee4402c1f19d6d15d8c4730", size = 20503, upload-time = "2025-10-18T21:55:43.219Z" }
wheels = [
    { url = "https://files.pythonhosted.org/packages/cb/b1/3846dd7f199d53cb17f49cba7e651e9ce294d8497c8c150530ed11865bb8/iniconfig-2.3.0-py3-none-any.whl", hash = "sha256:f631c04d2c48c52b84d0d0549c99ff3859c98df65b3101406327ecc7d53fbf12", size = 7484, upload-time = "2025-10-18T21:55:41.639Z" },
]

[[package]]
name = "iterm2"
version = "2.13"
source = { registry = "https://pypi.org/simple" }
dependencies = [
    { name = "protobuf" },
    { name = "websockets" },
]
sdist = { url = "https://files.pythonhosted.org/packages/2b/56/4b11d23db523512eb827ca021b4974885f196ef585b4cd1ba0f17a6996ce/iterm2-2.13.tar.gz", hash = "sha256:bec94392511358d94e7c3f84e31bcc380257cb261856cf7f08a1e4e563d7237e", size = 162970, upload-time = "2025-12-05T19:47:43.01Z" }
wheels = [
    { url = "https://files.pythonhosted.org/packages/d5/10/61d5af7686135a30566de74675b4a2c2626f02d1f529c00c881347f04dc1/iterm2-2.13-py3-none-any.whl", hash = "sha256:164fab5e3d42ab3792d259462aa2bf2d9558f0b762cf7321549da22aee4276cf", size = 177246, upload-time = "2025-12-05T19:47:41.927Z" },
]

[[package]]
name = "packaging"
version = "25.0"
source = { registry = "https://pypi.org/simple" }
sdist = { url = "https://files.pythonhosted.org/packages/a1/d4/1fc4078c65507b51b96ca8f8c3ba19e6a61c8253c72794544580a7b6c24d/packaging-25.0.tar.gz", hash = "sha256:d443872c98d677bf60f6a1f2f8c1cb748e8fe762d2bf9d3148b5599295b0fc4f", size = 165727, upload-time = "2025-04-19T11:48:59.673Z" }
wheels = [
    { url = "https://files.pythonhosted.org/packages/20/12/38679034af332785aac8774540895e234f4d07f7545804097de4b666afd8/packaging-25.0-py3-none-any.whl", hash = "sha256:29572ef2b1f17581046b3a2227d5c611fb25ec70ca1ba8554b24b0e69331a484", size = 66469, upload-time = "2025-04-19T11:48:57.875Z" },
]

[[package]]
name = "pluggy"
version = "1.6.0"
source = { registry = "https://pypi.org/simple" }
sdist = { url = "https://files.pythonhosted.org/packages/f9/e2/3e91f31a7d2b083fe6ef3fa267035b518369d9511ffab804f839851d2779/pluggy-1.6.0.tar.gz", hash = "sha256:7dcc130b76258d33b90f61b658791dede3486c3e6bfb003ee5c9bfb396dd22f3", size = 69412, upload-time = "2025-05-15T12:30:07.975Z" }
wheels = [
    { url = "https://files.pythonhosted.org/packages/54/20/4d324d65cc6d9205fabedc306948156824eb9f0ee1633355a8f7ec5c66bf/pluggy-1.6.0-py3-none-any.whl", hash = "sha256:e920276dd6813095e9377c0bc5566d94c932c33b27a3e3945d8389c374dd4746", size = 20538, upload-time = "2025-05-15T12:30:06.134Z" },
]

[[package]]
name = "protobuf"
version = "6.33.3"
source = { registry = "https://pypi.org/simple" }
sdist = { url = "https://files.pythonhosted.org/packages/cc/5c/f912bdebdd4af4160da6a2c2b1b3aaa1b8c578d0243ba8f694f93c7095f0/protobuf-6.33.3.tar.gz", hash = "sha256:c8794debeb402963fddff41a595e1f649bcd76616ba56c835645cab4539e810e", size = 444318, upload-time = "2026-01-09T23:05:02.79Z" }
wheels = [
    { url = "https://files.pythonhosted.org/packages/2a/56/2a41b9dcc3b92fa672bb89610608f4fd4f71bec075d314956710503b29f5/protobuf-6.33.3-cp310-abi3-win32.whl", hash = "sha256:b4046f9f2ede57ad5b1d9917baafcbcad42f8151a73c755a1e2ec9557b0a764f", size = 425597, upload-time = "2026-01-09T23:04:50.11Z" },
    { url = "https://files.pythonhosted.org/packages/23/07/1f1300fe7d204fd7aaabd9a0aafd54e6358de833b783f5bd161614e8e1e4/protobuf-6.33.3-cp310-abi3-win_amd64.whl", hash = "sha256:1fd18f030ae9df97712fbbb0849b6e54c63e3edd9b88d8c3bb4771f84d8db7a4", size = 436945, upload-time = "2026-01-09T23:04:51.921Z" },
    { url = "https://files.pythonhosted.org/packages/ec/5d/0ef28dded98973a26443a6a7bc49bff6206be8c57dc1d1e28e6c1147b879/protobuf-6.33.3-cp39-abi3-macosx_10_9_universal2.whl", hash = "sha256:648b7b0144222eb06cf529a3d7b01333c5f30b4196773b682d388f04db373759", size = 427594, upload-time = "2026-01-09T23:04:53.358Z" },
    { url = "https://files.pythonhosted.org/packages/c5/46/551c69b6ff1957bd703654342bfb776bb97db400bc80afc56fbb64e7c11d/protobuf-6.33.3-cp39-abi3-manylinux2014_aarch64.whl", hash = "sha256:08a6ca12f60ba99097dd3625ef4275280f99c9037990e47ce9368826b159b890", size = 324469, upload-time = "2026-01-09T23:04:54.332Z" },
    { url = "https://files.pythonhosted.org/packages/ca/6d/ade1cca06c64a421ee9745e082671465ead28164c809efaf2c15bc93f9a0/protobuf-6.33.3-cp39-abi3-manylinux2014_s390x.whl", hash = "sha256:642fce7187526c98683c79a3ad68e5d646a5ef5eb004582fe123fc9a33a9456b", size = 339242, upload-time = "2026-01-09T23:04:55.347Z" },
    { url = "https://files.pythonhosted.org/packages/38/8c/6522b8e543ece46f645911c3cebe361d8460134c0fee02ddcf70ebf32999/protobuf-6.33.3-cp39-abi3-manylinux2014_x86_64.whl", hash = "sha256:6fa9b5f4baa12257542273e5e6f3c3d3867b30bc2770c14ad9ac8315264bf986", size = 323298, upload-time = "2026-01-09T23:04:56.866Z" },
    { url = "https://files.pythonhosted.org/packages/a6/b9/067b8a843569d5605ba6f7c039b9319720a974f82216cd623e13186d3078/protobuf-6.33.3-py3-none-any.whl", hash = "sha256:c2bf221076b0d463551efa2e1319f08d4cffcc5f0d864614ccd3d0e77a637794", size = 170518, upload-time = "2026-01-09T23:05:01.227Z" },
]

[[package]]
name = "psutil"
version = "7.2.1"
source = { registry = "https://pypi.org/simple" }
sdist = { url = "https://files.pythonhosted.org/packages/73/cb/09e5184fb5fc0358d110fc3ca7f6b1d033800734d34cac10f4136cfac10e/psutil-7.2.1.tar.gz", hash = "sha256:f7583aec590485b43ca601dd9cea0dcd65bd7bb21d30ef4ddbf4ea6b5ed1bdd3", size = 490253, upload-time = "2025-12-29T08:26:00.169Z" }
wheels = [
    { url = "https://files.pythonhosted.org/packages/77/8e/f0c242053a368c2aa89584ecd1b054a18683f13d6e5a318fc9ec36582c94/psutil-7.2.1-cp313-cp313t-macosx_10_13_x86_64.whl", hash = "sha256:ba9f33bb525b14c3ea563b2fd521a84d2fa214ec59e3e6a2858f78d0844dd60d", size = 129624, upload-time = "2025-12-29T08:26:04.255Z" },
    { url = "https://files.pythonhosted.org/packages/26/97/a58a4968f8990617decee234258a2b4fc7cd9e35668387646c1963e69f26/psutil-7.2.1-cp313-cp313t-macosx_11_0_arm64.whl", hash = "sha256:81442dac7abfc2f4f4385ea9e12ddf5a796721c0f6133260687fec5c3780fa49", size = 130132, upload-time = "2025-12-29T08:26:06.228Z" },
    { url = "https://files.pythonhosted.org/packages/db/6d/ed44901e830739af5f72a85fa7ec5ff1edea7f81bfbf4875e409007149bd/psutil-7.2.1-cp313-cp313t-manylinux2010_x86_64.manylinux_2_12_x86_64.manylinux_2_28_x86_64.whl", hash = "sha256:ea46c0d060491051d39f0d2cff4f98d5c72b288289f57a21556cc7d504db37fc", size = 180612, upload-time = "2025-12-29T08:26:08.276Z" },
    { url = "https://files.pythonhosted.org/packages/c7/65/b628f8459bca4efbfae50d4bf3feaab803de9a160b9d5f3bd9295a33f0c2/psutil-7.2.1-cp313-cp313t-manylinux2014_aarch64.manylinux_2_17_aarch64.manylinux_2_28_aarch64.whl", hash = "sha256:35630d5af80d5d0d49cfc4d64c1c13838baf6717a13effb35869a5919b854cdf", size = 183201, upload-time = "2025-12-29T08:26:10.622Z" },
    { url = "https://files.pythonhosted.org/packages/fb/23/851cadc9764edcc18f0effe7d0bf69f727d4cf2442deb4a9f78d4e4f30f2/psutil-7.2.1-cp313-cp313t-win_amd64.whl", hash = "sha256:923f8653416604e356073e6e0bccbe7c09990acef442def2f5640dd0faa9689f", size = 139081, upload-time = "2025-12-29T08:26:12.483Z" },
    { url = "https://files.pythonhosted.org/packages/59/82/d63e8494ec5758029f31c6cb06d7d161175d8281e91d011a4a441c8a43b5/psutil-7.2.1-cp313-cp313t-win_arm64.whl", hash = "sha256:cfbe6b40ca48019a51827f20d830887b3107a74a79b01ceb8cc8de4ccb17b672", size = 134767, upload-time = "2025-12-29T08:26:14.528Z" },
    { url = "https://files.pythonhosted.org/packages/05/c2/5fb764bd61e40e1fe756a44bd4c21827228394c17414ade348e28f83cd79/psutil-7.2.1-cp314-cp314t-macosx_10_15_x86_64.whl", hash = "sha256:494c513ccc53225ae23eec7fe6e1482f1b8a44674241b54561f755a898650679", size = 129716, upload-time = "2025-12-29T08:26:16.017Z" },
    { url = "https://files.pythonhosted.org/packages/c9/d2/935039c20e06f615d9ca6ca0ab756cf8408a19d298ffaa08666bc18dc805/psutil-7.2.1-cp314-cp314t-macosx_11_0_arm64.whl", hash = "sha256:3fce5f92c22b00cdefd1645aa58ab4877a01679e901555067b1bd77039aa589f", size = 130133, upload-time = "2025-12-29T08:26:18.009Z" },
    { url = "https://files.pythonhosted.org/packages/77/69/19f1eb0e01d24c2b3eacbc2f78d3b5add8a89bf0bb69465bc8d563cc33de/psutil-7.2.1-cp314-cp314t-manylinux2010_x86_64.manylinux_2_12_x86_64.manylinux_2_28_x86_64.whl", hash = "sha256:93f3f7b0bb07711b49626e7940d6fe52aa9940ad86e8f7e74842e73189712129", size = 181518, upload-time = "2025-12-29T08:26:20.241Z" },
    { url = "https://files.pythonhosted.org/packages/e1/6d/7e18b1b4fa13ad370787626c95887b027656ad4829c156bb6569d02f3262/psutil-7.2.1-cp314-cp314t-manylinux2014_aarch64.manylinux_2_17_aarch64.manylinux_2_28_aarch64.whl", hash = "sha256:d34d2ca888208eea2b5c68186841336a7f5e0b990edec929be909353a202768a", size = 184348, upload-time = "2025-12-29T08:26:22.215Z" },
    { url = "https://files.pythonhosted.org/packages/98/60/1672114392dd879586d60dd97896325df47d9a130ac7401318005aab28ec/psutil-7.2.1-cp314-cp314t-win_amd64.whl", hash = "sha256:2ceae842a78d1603753561132d5ad1b2f8a7979cb0c283f5b52fb4e6e14b1a79", size = 140400, upload-time = "2025-12-29T08:26:23.993Z" },
    { url = "https://files.pythonhosted.org/packages/fb/7b/d0e9d4513c46e46897b46bcfc410d51fc65735837ea57a25170f298326e6/psutil-7.2.1-cp314-cp314t-win_arm64.whl", hash = "sha256:08a2f175e48a898c8eb8eace45ce01777f4785bc744c90aa2cc7f2fa5462a266", size = 135430, upload-time = "2025-12-29T08:26:25.999Z" },
    { url = "https://files.pythonhosted.org/packages/c5/cf/5180eb8c8bdf6a503c6919f1da28328bd1e6b3b1b5b9d5b01ae64f019616/psutil-7.2.1-cp36-abi3-macosx_10_9_x86_64.whl", hash = "sha256:b2e953fcfaedcfbc952b44744f22d16575d3aa78eb4f51ae74165b4e96e55f42", size = 128137, upload-time = "2025-12-29T08:26:27.759Z" },
    { url = "https://files.pythonhosted.org/packages/c5/2c/78e4a789306a92ade5000da4f5de3255202c534acdadc3aac7b5458fadef/psutil-7.2.1-cp36-abi3-macosx_11_0_arm64.whl", hash = "sha256:05cc68dbb8c174828624062e73078e7e35406f4ca2d0866c272c2410d8ef06d1", size = 128947, upload-time = "2025-12-29T08:26:29.548Z" },
    { url = "https://files.pythonhosted.org/packages/29/f8/40e01c350ad9a2b3cb4e6adbcc8a83b17ee50dd5792102b6142385937db5/psutil-7.2.1-cp36-abi3-manylinux2010_x86_64.manylinux_2_12_x86_64.manylinux_2_28_x86_64.whl", hash = "sha256:5e38404ca2bb30ed7267a46c02f06ff842e92da3bb8c5bfdadbd35a5722314d8", size = 154694, upload-time = "2025-12-29T08:26:32.147Z" },
    { url = "https://files.pythonhosted.org/packages/06/e4/b751cdf839c011a9714a783f120e6a86b7494eb70044d7d81a25a5cd295f/psutil-7.2.1-cp36-abi3-manylinux2014_aarch64.manylinux_2_17_aarch64.manylinux_2_28_aarch64.whl", hash = "sha256:ab2b98c9fc19f13f59628d94df5cc4cc4844bc572467d113a8b517d634e362c6", size = 156136, upload-time = "2025-12-29T08:26:34.079Z" },
    { url = "https://files.pythonhosted.org/packages/44/ad/bbf6595a8134ee1e94a4487af3f132cef7fce43aef4a93b49912a48c3af7/psutil-7.2.1-cp36-abi3-musllinux_1_2_aarch64.whl", hash = "sha256:f78baafb38436d5a128f837fab2d92c276dfb48af01a240b861ae02b2413ada8", size = 148108, upload-time = "2025-12-29T08:26:36.225Z" },
    { url = "https://files.pythonhosted.org/packages/1c/15/dd6fd869753ce82ff64dcbc18356093471a5a5adf4f77ed1f805d473d859/psutil-7.2.1-cp36-abi3-musllinux_1_2_x86_64.whl", hash = "sha256:99a4cd17a5fdd1f3d014396502daa70b5ec21bf4ffe38393e152f8e449757d67", size = 147402, upload-time = "2025-12-29T08:26:39.21Z" },
    { url = "https://files.pythonhosted.org/packages/34/68/d9317542e3f2b180c4306e3f45d3c922d7e86d8ce39f941bb9e2e9d8599e/psutil-7.2.1-cp37-abi3-win_amd64.whl", hash = "sha256:b1b0671619343aa71c20ff9767eced0483e4fc9e1f489d50923738caf6a03c17", size = 136938, upload-time = "2025-12-29T08:26:41.036Z" },
    { url = "https://files.pythonhosted.org/packages/3e/73/2ce007f4198c80fcf2cb24c169884f833fe93fbc03d55d302627b094ee91/psutil-7.2.1-cp37-abi3-win_arm64.whl", hash = "sha256:0d67c1822c355aa6f7314d92018fb4268a76668a536f133599b91edd48759442", size = 133836, upload-time = "2025-12-29T08:26:43.086Z" },
]

[[package]]
name = "pygments"
version = "2.19.2"
source = { registry = "https://pypi.org/simple" }
sdist = { url = "https://files.pythonhosted.org/packages/b0/77/a5b8c569bf593b0140bde72ea885a803b82086995367bf2037de0159d924/pygments-2.19.2.tar.gz", hash = "sha256:636cb2477cec7f8952536970bc533bc43743542f70392ae026374600add5b887", size = 4968631, upload-time = "2025-06-21T13:39:12.283Z" }
wheels = [
    { url = "https://files.pythonhosted.org/packages/c7/21/705964c7812476f378728bdf590ca4b771ec72385c533964653c68e86bdc/pygments-2.19.2-py3-none-any.whl", hash = "sha256:86540386c03d588bb81d44bc3928634ff26449851e99741617ecb9037ee5ec0b", size = 1225217, upload-time = "2025-06-21T13:39:07.939Z" },
]

[[package]]
name = "pytest"
version = "9.0.2"
source = { registry = "https://pypi.org/simple" }
dependencies = [
    { name = "colorama", marker = "sys_platform == 'win32'" },
    { name = "iniconfig" },
    { name = "packaging" },
    { name = "pluggy" },
    { name = "pygments" },
]
sdist = { url = "https://files.pythonhosted.org/packages/d1/db/7ef3487e0fb0049ddb5ce41d3a49c235bf9ad299b6a25d5780a89f19230f/pytest-9.0.2.tar.gz", hash = "sha256:75186651a92bd89611d1d9fc20f0b4345fd827c41ccd5c299a868a05d70edf11", size = 1568901, upload-time = "2025-12-06T21:30:51.014Z" }
wheels = [
    { url = "https://files.pythonhosted.org/packages/3b/ab/b3226f0bd7cdcf710fbede2b3548584366da3b19b5021e74f5bde2a8fa3f/pytest-9.0.2-py3-none-any.whl", hash = "sha256:711ffd45bf766d5264d487b917733b453d917afd2b0ad65223959f59089f875b", size = 374801, upload-time = "2025-12-06T21:30:49.154Z" },
]

[[package]]
name = "websockets"
version = "15.0.1"
source = { registry = "https://pypi.org/simple" }
sdist = { url = "https://files.pythonhosted.org/packages/21/e6/26d09fab466b7ca9c7737474c52be4f76a40301b08362eb2dbc19dcc16c1/websockets-15.0.1.tar.gz", hash = "sha256:82544de02076bafba038ce055ee6412d68da13ab47f0c60cab827346de828dee", size = 177016, upload-time = "2025-03-05T20:03:41.606Z" }
wheels = [
    { url = "https://files.pythonhosted.org/packages/9f/32/18fcd5919c293a398db67443acd33fde142f283853076049824fc58e6f75/websockets-15.0.1-cp311-cp311-macosx_10_9_universal2.whl", hash = "sha256:823c248b690b2fd9303ba00c4f66cd5e2d8c3ba4aa968b2779be9532a4dad431", size = 175423, upload-time = "2025-03-05T20:01:56.276Z" },
    { url = "https://files.pythonhosted.org/packages/76/70/ba1ad96b07869275ef42e2ce21f07a5b0148936688c2baf7e4a1f60d5058/websockets-15.0.1-cp311-cp311-macosx_10_9_x86_64.whl", hash = "sha256:678999709e68425ae2593acf2e3ebcbcf2e69885a5ee78f9eb80e6e371f1bf57", size = 173082, upload-time = "2025-03-05T20:01:57.563Z" },
    { url = "https://files.pythonhosted.org/packages/86/f2/10b55821dd40eb696ce4704a87d57774696f9451108cff0d2824c97e0f97/websockets-15.0.1-cp311-cp311-macosx_11_0_arm64.whl", hash = "sha256:d50fd1ee42388dcfb2b3676132c78116490976f1300da28eb629272d5d93e905", size = 173330, upload-time = "2025-03-05T20:01:59.063Z" },
    { url = "https://files.pythonhosted.org/packages/a5/90/1c37ae8b8a113d3daf1065222b6af61cc44102da95388ac0018fcb7d93d9/websockets-15.0.1-cp311-cp311-manylinux_2_17_aarch64.manylinux2014_aarch64.whl", hash = "sha256:d99e5546bf73dbad5bf3547174cd6cb8ba7273062a23808ffea025ecb1cf8562", size = 182878, upload-time = "2025-03-05T20:02:00.305Z" },
    { url = "https://files.pythonhosted.org/packages/8e/8d/96e8e288b2a41dffafb78e8904ea7367ee4f891dafc2ab8d87e2124cb3d3/websockets-15.0.1-cp311-cp311-manylinux_2_5_i686.manylinux1_i686.manylinux_2_17_i686.manylinux2014_i686.whl", hash = "sha256:66dd88c918e3287efc22409d426c8f729688d89a0c587c88971a0faa2c2f3792", size = 181883, upload-time = "2025-03-05T20:02:03.148Z" },
    { url = "https://files.pythonhosted.org/packages/93/1f/5d6dbf551766308f6f50f8baf8e9860be6182911e8106da7a7f73785f4c4/websockets-15.0.1-cp311-cp311-manylinux_2_5_x86_64.manylinux1_x86_64.manylinux_2_17_x86_64.manylinux2014_x86_64.whl", hash = "sha256:8dd8327c795b3e3f219760fa603dcae1dcc148172290a8ab15158cf85a953413", size = 182252, upload-time = "2025-03-05T20:02:05.29Z" },
    { url = "https://files.pythonhosted.org/packages/d4/78/2d4fed9123e6620cbf1706c0de8a1632e1a28e7774d94346d7de1bba2ca3/websockets-15.0.1-cp311-cp311-musllinux_1_2_aarch64.whl", hash = "sha256:8fdc51055e6ff4adeb88d58a11042ec9a5eae317a0a53d12c062c8a8865909e8", size = 182521, upload-time = "2025-03-05T20:02:07.458Z" },
    { url = "https://files.pythonhosted.org/packages/e7/3b/66d4c1b444dd1a9823c4a81f50231b921bab54eee2f69e70319b4e21f1ca/websockets-15.0.1-cp311-cp311-musllinux_1_2_i686.whl", hash = "sha256:693f0192126df6c2327cce3baa7c06f2a117575e32ab2308f7f8216c29d9e2e3", size = 181958, upload-time = "2025-03-05T20:02:09.842Z" },
    { url = "https://files.pythonhosted.org/packages/08/ff/e9eed2ee5fed6f76fdd6032ca5cd38c57ca9661430bb3d5fb2872dc8703c/websockets-15.0.1-cp311-cp311-musllinux_1_2_x86_64.whl", hash = "sha256:54479983bd5fb469c38f2f5c7e3a24f9a4e70594cd68cd1fa6b9340dadaff7cf", size = 181918, upload-time = "2025-03-05T20:02:11.968Z" },
    { url = "https://files.pythonhosted.org/packages/d8/75/994634a49b7e12532be6a42103597b71098fd25900f7437d6055ed39930a/websockets-15.0.1-cp311-cp311-win32.whl", hash = "sha256:16b6c1b3e57799b9d38427dda63edcbe4926352c47cf88588c0be4ace18dac85", size = 176388, upload-time = "2025-03-05T20:02:13.32Z" },
    { url = "https://files.pythonhosted.org/packages/98/93/e36c73f78400a65f5e236cd376713c34182e6663f6889cd45a4a04d8f203/websockets-15.0.1-cp311-cp311-win_amd64.whl", hash = "sha256:27ccee0071a0e75d22cb35849b1db43f2ecd3e161041ac1ee9d2352ddf72f065", size = 176828, upload-time = "2025-03-05T20:02:14.585Z" },
    { url = "https://files.pythonhosted.org/packages/51/6b/4545a0d843594f5d0771e86463606a3988b5a09ca5123136f8a76580dd63/websockets-15.0.1-cp312-cp312-macosx_10_13_universal2.whl", hash = "sha256:3e90baa811a5d73f3ca0bcbf32064d663ed81318ab225ee4f427ad4e26e5aff3", size = 175437, upload-time = "2025-03-05T20:02:16.706Z" },
    { url = "https://files.pythonhosted.org/packages/f4/71/809a0f5f6a06522af902e0f2ea2757f71ead94610010cf570ab5c98e99ed/websockets-15.0.1-cp312-cp312-macosx_10_13_x86_64.whl", hash = "sha256:592f1a9fe869c778694f0aa806ba0374e97648ab57936f092fd9d87f8bc03665", size = 173096, upload-time = "2025-03-05T20:02:18.832Z" },
    { url = "https://files.pythonhosted.org/packages/3d/69/1a681dd6f02180916f116894181eab8b2e25b31e484c5d0eae637ec01f7c/websockets-15.0.1-cp312-cp312-macosx_11_0_arm64.whl", hash = "sha256:0701bc3cfcb9164d04a14b149fd74be7347a530ad3bbf15ab2c678a2cd3dd9a2", size = 173332, upload-time = "2025-03-05T20:02:20.187Z" },
    { url = "https://files.pythonhosted.org/packages/a6/02/0073b3952f5bce97eafbb35757f8d0d54812b6174ed8dd952aa08429bcc3/websockets-15.0.1-cp312-cp312-manylinux_2_17_aarch64.manylinux2014_aarch64.whl", hash = "sha256:e8b56bdcdb4505c8078cb6c7157d9811a85790f2f2b3632c7d1462ab5783d215", size = 183152, upload-time = "2025-03-05T20:02:22.286Z" },
    { url = "https://files.pythonhosted.org/packages/74/45/c205c8480eafd114b428284840da0b1be9ffd0e4f87338dc95dc6ff961a1/websockets-15.0.1-cp312-cp312-manylinux_2_5_i686.manylinux1_i686.manylinux_2_17_i686.manylinux2014_i686.whl", hash = "sha256:0af68c55afbd5f07986df82831c7bff04846928ea8d1fd7f30052638788bc9b5", size = 182096, upload-time = "2025-03-05T20:02:24.368Z" },
    { url = "https://files.pythonhosted.org/packages/14/8f/aa61f528fba38578ec553c145857a181384c72b98156f858ca5c8e82d9d3/websockets-15.0.1-cp312-cp312-manylinux_2_5_x86_64.manylinux1_x86_64.manylinux_2_17_x86_64.manylinux2014_x86_64.whl", hash = "sha256:64dee438fed052b52e4f98f76c5790513235efaa1ef7f3f2192c392cd7c91b65", size = 182523, upload-time = "2025-03-05T20:02:25.669Z" },
    { url = "https://files.pythonhosted.org/packages/ec/6d/0267396610add5bc0d0d3e77f546d4cd287200804fe02323797de77dbce9/websockets-15.0.1-cp312-cp312-musllinux_1_2_aarch64.whl", hash = "sha256:d5f6b181bb38171a8ad1d6aa58a67a6aa9d4b38d0f8c5f496b9e42561dfc62fe", size = 182790, upload-time = "2025-03-05T20:02:26.99Z" },
    { url = "https://files.pythonhosted.org/packages/02/05/c68c5adbf679cf610ae2f74a9b871ae84564462955d991178f95a1ddb7dd/websockets-15.0.1-cp312-cp312-musllinux_1_2_i686.whl", hash = "sha256:5d54b09eba2bada6011aea5375542a157637b91029687eb4fdb2dab11059c1b4", size = 182165, upload-time = "2025-03-05T20:02:30.291Z" },
    { url = "https://files.pythonhosted.org/packages/29/93/bb672df7b2f5faac89761cb5fa34f5cec45a4026c383a4b5761c6cea5c16/websockets-15.0.1-cp312-cp312-musllinux_1_2_x86_64.whl", hash = "sha256:3be571a8b5afed347da347bfcf27ba12b069d9d7f42cb8c7028b5e98bbb12597", size = 182160, upload-time = "2025-03-05T20:02:31.634Z" },
    { url = "https://files.pythonhosted.org/packages/ff/83/de1f7709376dc3ca9b7eeb4b9a07b4526b14876b6d372a4dc62312bebee0/websockets-15.0.1-cp312-cp312-win32.whl", hash = "sha256:c338ffa0520bdb12fbc527265235639fb76e7bc7faafbb93f6ba80d9c06578a9", size = 176395, upload-time = "2025-03-05T20:02:33.017Z" },
    { url = "https://files.pythonhosted.org/packages/7d/71/abf2ebc3bbfa40f391ce1428c7168fb20582d0ff57019b69ea20fa698043/websockets-15.0.1-cp312-cp312-win_amd64.whl", hash = "sha256:fcd5cf9e305d7b8338754470cf69cf81f420459dbae8a3b40cee57417f4614a7", size = 176841, upload-time = "2025-03-05T20:02:34.498Z" },
    { url = "https://files.pythonhosted.org/packages/cb/9f/51f0cf64471a9d2b4d0fc6c534f323b664e7095640c34562f5182e5a7195/websockets-15.0.1-cp313-cp313-macosx_10_13_universal2.whl", hash = "sha256:ee443ef070bb3b6ed74514f5efaa37a252af57c90eb33b956d35c8e9c10a1931", size = 175440, upload-time = "2025-03-05T20:02:36.695Z" },
    { url = "https://files.pythonhosted.org/packages/8a/05/aa116ec9943c718905997412c5989f7ed671bc0188ee2ba89520e8765d7b/websockets-15.0.1-cp313-cp313-macosx_10_13_x86_64.whl", hash = "sha256:5a939de6b7b4e18ca683218320fc67ea886038265fd1ed30173f5ce3f8e85675", size = 173098, upload-time = "2025-03-05T20:02:37.985Z" },
    { url = "https://files.pythonhosted.org/packages/ff/0b/33cef55ff24f2d92924923c99926dcce78e7bd922d649467f0eda8368923/websockets-15.0.1-cp313-cp313-macosx_11_0_arm64.whl", hash = "sha256:746ee8dba912cd6fc889a8147168991d50ed70447bf18bcda7039f7d2e3d9151", size = 173329, upload-time = "2025-03-05T20:02:39.298Z" },
    { url = "https://files.pythonhosted.org/packages/31/1d/063b25dcc01faa8fada1469bdf769de3768b7044eac9d41f734fd7b6ad6d/websockets-15.0.1-cp313-cp313-manylinux_2_17_aarch64.manylinux2014_aarch64.whl", hash = "sha256:595b6c3969023ecf9041b2936ac3827e4623bfa3ccf007575f04c5a6aa318c22", size = 183111, upload-time = "2025-03-05T20:02:40.595Z" },
    { url = "https://files.pythonhosted.org/packages/93/53/9a87ee494a51bf63e4ec9241c1ccc4f7c2f45fff85d5bde2ff74fcb68b9e/websockets-15.0.1-cp313-cp313-manylinux_2_5_i686.manylinux1_i686.manylinux_2_17_i686.manylinux2014_i686.whl", hash = "sha256:3c714d2fc58b5ca3e285461a4cc0c9a66bd0e24c5da9911e30158286c9b5be7f", size = 182054, upload-time = "2025-03-05T20:02:41.926Z" },
    { url = "https://files.pythonhosted.org/packages/ff/b2/83a6ddf56cdcbad4e3d841fcc55d6ba7d19aeb89c50f24dd7e859ec0805f/websockets-15.0.1-cp313-cp313-manylinux_2_5_x86_64.manylinux1_x86_64.manylinux_2_17_x86_64.manylinux2014_x86_64.whl", hash = "sha256:0f3c1e2ab208db911594ae5b4f79addeb3501604a165019dd221c0bdcabe4db8", size = 182496, upload-time = "2025-03-05T20:02:43.304Z" },
    { url = "https://files.pythonhosted.org/packages/98/41/e7038944ed0abf34c45aa4635ba28136f06052e08fc2168520bb8b25149f/websockets-15.0.1-cp313-cp313-musllinux_1_2_aarch64.whl", hash = "sha256:229cf1d3ca6c1804400b0a9790dc66528e08a6a1feec0d5040e8b9eb14422375", size = 182829, upload-time = "2025-03-05T20:02:48.812Z" },
    { url = "https://files.pythonhosted.org/packages/e0/17/de15b6158680c7623c6ef0db361da965ab25d813ae54fcfeae2e5b9ef910/websockets-15.0.1-cp313-cp313-musllinux_1_2_i686.whl", hash = "sha256:756c56e867a90fb00177d530dca4b097dd753cde348448a1012ed6c5131f8b7d", size = 182217, upload-time = "2025-03-05T20:02:50.14Z" },
    { url = "https://files.pythonhosted.org/packages/33/2b/1f168cb6041853eef0362fb9554c3824367c5560cbdaad89ac40f8c2edfc/websockets-15.0.1-cp313-cp313-musllinux_1_2_x86_64.whl", hash = "sha256:558d023b3df0bffe50a04e710bc87742de35060580a293c2a984299ed83bc4e4", size = 182195, upload-time = "2025-03-05T20:02:51.561Z" },
    { url = "https://files.pythonhosted.org/packages/86/eb/20b6cdf273913d0ad05a6a14aed4b9a85591c18a987a3d47f20fa13dcc47/websockets-15.0.1-cp313-cp313-win32.whl", hash = "sha256:ba9e56e8ceeeedb2e080147ba85ffcd5cd0711b89576b83784d8605a7df455fa", size = 176393, upload-time = "2025-03-05T20:02:53.814Z" },
    { url = "https://files.pythonhosted.org/packages/1b/6c/c65773d6cab416a64d191d6ee8a8b1c68a09970ea6909d16965d26bfed1e/websockets-15.0.1-cp313-cp313-win_amd64.whl", hash = "sha256:e09473f095a819042ecb2ab9465aee615bd9c2028e4ef7d933600a8401c79561", size = 176837, upload-time = "2025-03-05T20:02:55.237Z" },
    { url = "https://files.pythonhosted.org/packages/fa/a8/5b41e0da817d64113292ab1f8247140aac61cbf6cfd085d6a0fa77f4984f/websockets-15.0.1-py3-none-any.whl", hash = "sha256:f7a866fbc1e97b5c617ee4116daaa09b722101d4a3c170c787450ba409f9736f", size = 169743, upload-time = "2025-03-05T20:03:39.41Z" },
]
